
Microsoft Visual Studio Solution File, Format Version 12.00
# Visual Studio Version 17
VisualStudioVersion = 17.0.31903.59
MinimumVisualStudioVersion = 10.0.40219.1
Project("{FAE04EC0-301F-11D3-BF4B-00C04F79EFBC}") = "pipe", "src\pipe.csproj", "{863EC79C-B2E5-433E-B622-0480F42B6E0F}"
EndProject
Project("{FAE04EC0-301F-11D3-BF4B-00C04F79EFBC}") = "tests", "tests\tests.csproj", "{08248ECF-8D6E-48ED-A31F-C06179434FFD}"
EndProject
Global
	GlobalSection(SolutionConfigurationPlatforms) = preSolution
		Debug|Any CPU = Debug|Any CPU
		Release|Any CPU = Release|Any CPU
	EndGlobalSection
	GlobalSection(SolutionProperties) = preSolution
		HideSolutionNode = FALSE
	EndGlobalSection
	GlobalSection(ProjectConfigurationPlatforms) = postSolution
		{863EC79C-B2E5-433E-B622-0480F42B6E0F}.Debug|Any CPU.ActiveCfg = Debug|Any CPU
		{863EC79C-B2E5-433E-B622-0480F42B6E0F}.Debug|Any CPU.Build.0 = Debug|Any CPU
		{863EC79C-B2E5-433E-B622-0480F42B6E0F}.Release|Any CPU.ActiveCfg = Release|Any CPU
		{863EC79C-B2E5-433E-B622-0480F42B6E0F}.Release|Any CPU.Build.0 = Release|Any CPU
		{08248ECF-8D6E-48ED-A31F-C06179434FFD}.Debug|Any CPU.ActiveCfg = Debug|Any CPU
		{08248ECF-8D6E-48ED-A31F-C06179434FFD}.Debug|Any CPU.Build.0 = Debug|Any CPU
		{08248ECF-8D6E-48ED-A31F-C06179434FFD}.Release|Any CPU.ActiveCfg = Release|Any CPU
		{08248ECF-8D6E-48ED-A31F-C06179434FFD}.Release|Any CPU.Build.0 = Release|Any CPU
	EndGlobalSection
EndGlobal
